
Microsoft Visual Studio Solution File, Format Version 12.00
# Visual Studio 15
VisualStudioVersion = 15.0.26124.0
MinimumVisualStudioVersion = 15.0.26124.0
Project("{FAE04EC0-301F-11D3-BF4B-00C04F79EFBC}") = "SFA.DAS.WhitelistService.Web", "SFA.DAS.WhitelistService.Web\SFA.DAS.WhitelistService.Web.csproj", "{C2F127B1-1C93-4F12-A88C-31BEEC5D414F}"
EndProject
Project("{FAE04EC0-301F-11D3-BF4B-00C04F79EFBC}") = "SFA.DAS.WhitelistService.Infrastructure", "SFA.DAS.WhitelistService.Infrastructure\SFA.DAS.WhitelistService.Infrastructure.csproj", "{1F4E618B-92A3-4BA6-B555-3189CD69957F}"
EndProject
Project("{FAE04EC0-301F-11D3-BF4B-00C04F79EFBC}") = "SFA.DAS.WhitelistService.Core", "SFA.DAS.WhitelistService.Core\SFA.DAS.WhitelistService.Core.csproj", "{8D58A011-F8A6-49DF-89E9-5E5F44ED2021}"
EndProject
Project("{FAE04EC0-301F-11D3-BF4B-00C04F79EFBC}") = "SFA.DAS.WhitelistService.Web.UnitTests", "SFA.DAS.WhitelistService.Web.UnitTests\SFA.DAS.WhitelistService.Web.UnitTests.csproj", "{FDE4F32B-6A63-4DF4-B425-459F139E5033}"
EndProject
Global
	GlobalSection(SolutionConfigurationPlatforms) = preSolution
		Debug|Any CPU = Debug|Any CPU
		Debug|x64 = Debug|x64
		Debug|x86 = Debug|x86
		Release|Any CPU = Release|Any CPU
		Release|x64 = Release|x64
		Release|x86 = Release|x86
	EndGlobalSection
	GlobalSection(SolutionProperties) = preSolution
		HideSolutionNode = FALSE
	EndGlobalSection
	GlobalSection(ProjectConfigurationPlatforms) = postSolution
		{C2F127B1-1C93-4F12-A88C-31BEEC5D414F}.Debug|Any CPU.ActiveCfg = Debug|Any CPU
		{C2F127B1-1C93-4F12-A88C-31BEEC5D414F}.Debug|Any CPU.Build.0 = Debug|Any CPU
		{C2F127B1-1C93-4F12-A88C-31BEEC5D414F}.Debug|x64.ActiveCfg = Debug|Any CPU
		{C2F127B1-1C93-4F12-A88C-31BEEC5D414F}.Debug|x64.Build.0 = Debug|Any CPU
		{C2F127B1-1C93-4F12-A88C-31BEEC5D414F}.Debug|x86.ActiveCfg = Debug|Any CPU
		{C2F127B1-1C93-4F12-A88C-31BEEC5D414F}.Debug|x86.Build.0 = Debug|Any CPU
		{C2F127B1-1C93-4F12-A88C-31BEEC5D414F}.Release|Any CPU.ActiveCfg = Release|Any CPU
		{C2F127B1-1C93-4F12-A88C-31BEEC5D414F}.Release|Any CPU.Build.0 = Release|Any CPU
		{C2F127B1-1C93-4F12-A88C-31BEEC5D414F}.Release|x64.ActiveCfg = Release|Any CPU
		{C2F127B1-1C93-4F12-A88C-31BEEC5D414F}.Release|x64.Build.0 = Release|Any CPU
		{C2F127B1-1C93-4F12-A88C-31BEEC5D414F}.Release|x86.ActiveCfg = Release|Any CPU
		{C2F127B1-1C93-4F12-A88C-31BEEC5D414F}.Release|x86.Build.0 = Release|Any CPU
		{1F4E618B-92A3-4BA6-B555-3189CD69957F}.Debug|Any CPU.ActiveCfg = Debug|Any CPU
		{1F4E618B-92A3-4BA6-B555-3189CD69957F}.Debug|Any CPU.Build.0 = Debug|Any CPU
		{1F4E618B-92A3-4BA6-B555-3189CD69957F}.Debug|x64.ActiveCfg = Debug|Any CPU
		{1F4E618B-92A3-4BA6-B555-3189CD69957F}.Debug|x64.Build.0 = Debug|Any CPU
		{1F4E618B-92A3-4BA6-B555-3189CD69957F}.Debug|x86.ActiveCfg = Debug|Any CPU
		{1F4E618B-92A3-4BA6-B555-3189CD69957F}.Debug|x86.Build.0 = Debug|Any CPU
		{1F4E618B-92A3-4BA6-B555-3189CD69957F}.Release|Any CPU.ActiveCfg = Release|Any CPU
		{1F4E618B-92A3-4BA6-B555-3189CD69957F}.Release|Any CPU.Build.0 = Release|Any CPU
		{1F4E618B-92A3-4BA6-B555-3189CD69957F}.Release|x64.ActiveCfg = Release|Any CPU
		{1F4E618B-92A3-4BA6-B555-3189CD69957F}.Release|x64.Build.0 = Release|Any CPU
		{1F4E618B-92A3-4BA6-B555-3189CD69957F}.Release|x86.ActiveCfg = Release|Any CPU
		{1F4E618B-92A3-4BA6-B555-3189CD69957F}.Release|x86.Build.0 = Release|Any CPU
		{8D58A011-F8A6-49DF-89E9-5E5F44ED2021}.Debug|Any CPU.ActiveCfg = Debug|Any CPU
		{8D58A011-F8A6-49DF-89E9-5E5F44ED2021}.Debug|Any CPU.Build.0 = Debug|Any CPU
		{8D58A011-F8A6-49DF-89E9-5E5F44ED2021}.Debug|x64.ActiveCfg = Debug|Any CPU
		{8D58A011-F8A6-49DF-89E9-5E5F44ED2021}.Debug|x64.Build.0 = Debug|Any CPU
		{8D58A011-F8A6-49DF-89E9-5E5F44ED2021}.Debug|x86.ActiveCfg = Debug|Any CPU
		{8D58A011-F8A6-49DF-89E9-5E5F44ED2021}.Debug|x86.Build.0 = Debug|Any CPU
		{8D58A011-F8A6-49DF-89E9-5E5F44ED2021}.Release|Any CPU.ActiveCfg = Release|Any CPU
		{8D58A011-F8A6-49DF-89E9-5E5F44ED2021}.Release|Any CPU.Build.0 = Release|Any CPU
		{8D58A011-F8A6-49DF-89E9-5E5F44ED2021}.Release|x64.ActiveCfg = Release|Any CPU
		{8D58A011-F8A6-49DF-89E9-5E5F44ED2021}.Release|x64.Build.0 = Release|Any CPU
		{8D58A011-F8A6-49DF-89E9-5E5F44ED2021}.Release|x86.ActiveCfg = Release|Any CPU
		{8D58A011-F8A6-49DF-89E9-5E5F44ED2021}.Release|x86.Build.0 = Release|Any CPU
		{FDE4F32B-6A63-4DF4-B425-459F139E5033}.Debug|Any CPU.ActiveCfg = Debug|Any CPU
		{FDE4F32B-6A63-4DF4-B425-459F139E5033}.Debug|Any CPU.Build.0 = Debug|Any CPU
		{FDE4F32B-6A63-4DF4-B425-459F139E5033}.Debug|x64.ActiveCfg = Debug|Any CPU
		{FDE4F32B-6A63-4DF4-B425-459F139E5033}.Debug|x64.Build.0 = Debug|Any CPU
		{FDE4F32B-6A63-4DF4-B425-459F139E5033}.Debug|x86.ActiveCfg = Debug|Any CPU
		{FDE4F32B-6A63-4DF4-B425-459F139E5033}.Debug|x86.Build.0 = Debug|Any CPU
		{FDE4F32B-6A63-4DF4-B425-459F139E5033}.Release|Any CPU.ActiveCfg = Release|Any CPU
		{FDE4F32B-6A63-4DF4-B425-459F139E5033}.Release|Any CPU.Build.0 = Release|Any CPU
		{FDE4F32B-6A63-4DF4-B425-459F139E5033}.Release|x64.ActiveCfg = Release|Any CPU
		{FDE4F32B-6A63-4DF4-B425-459F139E5033}.Release|x64.Build.0 = Release|Any CPU
		{FDE4F32B-6A63-4DF4-B425-459F139E5033}.Release|x86.ActiveCfg = Release|Any CPU
		{FDE4F32B-6A63-4DF4-B425-459F139E5033}.Release|x86.Build.0 = Release|Any CPU
	EndGlobalSection
EndGlobal
